{
  "name": "repo_stats",
  "version": "1.0.0",
  "lockfileVersion": 3,
  "requires": true,
  "packages": {
    "": {
      "name": "repo_stats",
      "version": "1.0.0",
      "dependencies": {
        "svelte": "^5.55.7",
        "svelte-spa-router": "^5.1.1",
        "three": "^0.185.1"
      },
      "devDependencies": {
        "@rsbuild/core": "2.2",
        "@rsbuild/plugin-sass": "^2.0.1",
        "@rsbuild/plugin-svelte": "^2.0.1",
        "@types/three": "^0.185.4",
        "prettier": "^3.0.1",
        "prettier-plugin-svelte": "^4.1.1",
        "sass": "^1.105.1",
        "svelte-check": "^4.7.6",
        "typescript": "^6.0.3"
      }
    },
    "node_modules/@bufbuild/protobuf": {
      "version": "2.16.0",
      "dev": true,
      "license": "(Apache-2.0 AND BSD-3-Clause)"
    },
    "node_modules/@dimforge/rapier3d-compat": {
      "version": "0.12.0",
      "dev": true,
      "license": "Apache-2.0"
    },
    "node_modules/@emnapi/core": {
      "version": "1.11.3",
      "resolved": "https://registry.npmjs.org/@emnapi/core/-/core-1.11.3.tgz",
      "integrity": "sha512-zLpS5asjEb7lq8jYLq37N6XKaE41DIexlY1rF/z4/tIl3wo13Sqm28fRyfIsKZD+NZ8mM5RoKkpW/rBcuoSZSg==",
      "dev": true,
      "license": "MIT",
      "optional": true,
      "dependencies": {
        "@emnapi/wasi-threads": "1.2.3",
        "tslib": "^2.4.0"
      }
    },
    "node_modules/@emnapi/runtime": {
      "version": "1.11.3",
      "resolved": "https://registry.npmjs.org/@emnapi/runtime/-/runtime-1.11.3.tgz",
      "integrity": "sha512-Xz4Tpyki7XyrpbUK1jR1AhdAdaXyhhY4lZ3neLodmhpuWfy2PAQN5B46sAiU4liOXGLkHypn/qU+jvfWSCYYLA==",
      "dev": true,
      "license": "MIT",
      "optional": true,
      "dependencies": {
        "tslib": "^2.4.0"
      }
    },
    "node_modules/@emnapi/wasi-threads": {
      "version": "1.2.3",
      "resolved": "https://registry.npmjs.org/@emnapi/wasi-threads/-/wasi-threads-1.2.3.tgz",
      "integrity": "sha512-ELEBe8PsLvvJ6QMr0zLt8ffvOHW/dc1m3CEzNMg7aJUv3bMaoDtw2TXyDAwkYBuroxxuHEwhRTLJSe5sya547g==",
      "dev": true,
      "license": "MIT",
      "optional": true,
      "dependencies": {
        "tslib": "^2.4.0"
      }
    },
    "node_modules/@jridgewell/gen-mapping": {
      "version": "0.3.13",
      "license": "MIT",
      "dependencies": {
        "@jridgewell/sourcemap-codec": "^1.5.0",
        "@jridgewell/trace-mapping": "^0.3.24"
      }
    },
    "node_modules/@jridgewell/remapping": {
      "version": "2.3.5",
      "license": "MIT",
      "dependencies": {
        "@jridgewell/gen-mapping": "^0.3.5",
        "@jridgewell/trace-mapping": "^0.3.24"
      }
    },
    "node_modules/@jridgewell/resolve-uri": {
      "version": "3.1.2",
      "license": "MIT",
      "engines": {
        "node": ">=6.0.0"
      }
    },
    "node_modules/@jridgewell/sourcemap-codec": {
      "version": "1.6.0",
      "license": "MIT"
    },
    "node_modules/@jridgewell/trace-mapping": {
      "version": "0.3.31",
      "license": "MIT",
      "dependencies": {
        "@jridgewell/resolve-uri": "^3.1.0",
        "@jridgewell/sourcemap-codec": "^1.4.14"
      }
    },
    "node_modules/@napi-rs/wasm-runtime": {
      "version": "1.1.6",
      "resolved": "https://registry.npmjs.org/@napi-rs/wasm-runtime/-/wasm-runtime-1.1.6.tgz",
      "integrity": "sha512-ZLv/JdUfkvOy9eCnnBaGfiO+XimbjebAeO+MRQqD/B+FR1tnRN0tpKSJHRbE8sFfS6aqsXZ67TQjfwfsxULVbg==",
      "dev": true,
      "license": "MIT",
      "optional": true,
      "dependencies": {
        "@tybys/wasm-util": "^0.10.3"
      },
      "funding": {
        "type": "github",
        "url": "https://github.com/sponsors/Brooooooklyn"
      },
      "peerDependencies": {
        "@emnapi/core": "^1.7.1",
        "@emnapi/runtime": "^1.7.1"
      }
    },
    "node_modules/@parcel/watcher": {
      "version": "2.6.0",
      "dev": true,
      "hasInstallScript": true,
      "license": "MIT",
      "optional": true,
      "dependencies": {
        "detect-libc": "^2.0.3",
        "is-glob": "^4.0.3",
        "node-addon-api": "^7.0.0",
        "picomatch": "^4.0.4"
      },
      "engines": {
        "node": ">= 10.0.0"
      },
      "funding": {
        "type": "opencollective",
        "url": "https://opencollective.com/parcel"
      },
      "optionalDependencies": {
        "@parcel/watcher-android-arm64": "2.6.0",
        "@parcel/watcher-darwin-arm64": "2.6.0",
        "@parcel/watcher-darwin-x64": "2.6.0",
        "@parcel/watcher-freebsd-x64": "2.6.0",
        "@parcel/watcher-linux-arm-glibc": "2.6.0",
        "@parcel/watcher-linux-arm-musl": "2.6.0",
        "@parcel/watcher-linux-arm64-glibc": "2.6.0",
        "@parcel/watcher-linux-arm64-musl": "2.6.0",
        "@parcel/watcher-linux-x64-glibc": "2.6.0",
        "@parcel/watcher-linux-x64-musl": "2.6.0",
        "@parcel/watcher-win32-arm64": "2.6.0",
        "@parcel/watcher-win32-x64": "2.6.0"
      }
    },
    "node_modules/@parcel/watcher-android-arm64": {
      "version": "2.6.0",
      "resolved": "https://registry.npmjs.org/@parcel/watcher-android-arm64/-/watcher-android-arm64-2.6.0.tgz",
      "integrity": "sha512-trgpLSCKRC/huFjXX/Smh+0sWe4+YtKfktIToiMl59ghz7z+qkH6kMvNnUbLyRs9N11t8l4svSCs1+5B3rOAhA==",
      "cpu": [
        "arm64"
      ],
      "dev": true,
      "license": "MIT",
      "optional": true,
      "os": [
        "android"
      ],
      "engines": {
        "node": ">= 10.0.0"
      },
      "funding": {
        "type": "opencollective",
        "url": "https://opencollective.com/parcel"
      }
    },
    "node_modules/@parcel/watcher-darwin-arm64": {
      "version": "2.6.0",
      "resolved": "https://registry.npmjs.org/@parcel/watcher-darwin-arm64/-/watcher-darwin-arm64-2.6.0.tgz",
      "integrity": "sha512-Y3QV0gl7Q1zbfueunkWIERICbEojQFCgpyG7YqOGNFLsckXyI1xu9mAIUpKY9QBYzBtSkN8dBPwd3yiAO9ovMw==",
      "cpu": [
        "arm64"
      ],
      "dev": true,
      "license": "MIT",
      "optional": true,
      "os": [
        "darwin"
      ],
      "engines": {
        "node": ">= 10.0.0"
      },
      "funding": {
        "type": "opencollective",
        "url": "https://opencollective.com/parcel"
      }
    },
    "node_modules/@parcel/watcher-darwin-x64": {
      "version": "2.6.0",
      "resolved": "https://registry.npmjs.org/@parcel/watcher-darwin-x64/-/watcher-darwin-x64-2.6.0.tgz",
      "integrity": "sha512-Ohv6OpzhUfKYD7Beb8kDvG0jbIxORCYY1JRdZnaBtnjjkJxgD7ZVL0nw2sCYd0yTMKTvz3nnTnOF3cDifK+kvw==",
      "cpu": [
        "x64"
      ],
      "dev": true,
      "license": "MIT",
      "optional": true,
      "os": [
        "darwin"
      ],
      "engines": {
        "node": ">= 10.0.0"
      },
      "funding": {
        "type": "opencollective",
        "url": "https://opencollective.com/parcel"
      }
    },
    "node_modules/@parcel/watcher-freebsd-x64": {
      "version": "2.6.0",
      "resolved": "https://registry.npmjs.org/@parcel/watcher-freebsd-x64/-/watcher-freebsd-x64-2.6.0.tgz",
      "integrity": "sha512-5HmXvDgs8VK+74jF9y9/2FE3/OnlcKmc56tjmSrEuZjpSZOGL+fvAu+HKJBdPs9uwoP2hE6TlSUpXZ/C5jUFmQ==",
      "cpu": [
        "x64"
      ],
      "dev": true,
      "license": "MIT",
      "optional": true,
      "os": [
        "freebsd"
      ],
      "engines": {
        "node": ">= 10.0.0"
      },
      "funding": {
        "type": "opencollective",
        "url": "https://opencollective.com/parcel"
      }
    },
    "node_modules/@parcel/watcher-linux-arm-glibc": {
      "version": "2.6.0",
      "resolved": "https://registry.npmjs.org/@parcel/watcher-linux-arm-glibc/-/watcher-linux-arm-glibc-2.6.0.tgz",
      "integrity": "sha512-Ps/hui3A+vMbjdqlqAowK2ZL8+BO8dBjxeWXj6npTBs3jx4wWmbPpaLuqwrQrSqIVMCnpWo238bJ1U37GhQOYg==",
      "cpu": [
        "arm"
      ],
      "dev": true,
      "libc": [
        "glibc"
      ],
      "license": "MIT",
      "optional": true,
      "os": [
        "linux"
      ],
      "engines": {
        "node": ">= 10.0.0"
      },
      "funding": {
        "type": "opencollective",
        "url": "https://opencollective.com/parcel"
      }
    },
    "node_modules/@parcel/watcher-linux-arm-musl": {
      "version": "2.6.0",
      "resolved": "https://registry.npmjs.org/@parcel/watcher-linux-arm-musl/-/watcher-linux-arm-musl-2.6.0.tgz",
      "integrity": "sha512-9c6AUHgHoG+IY88MRIHupztQiQnrbqHYQjkM2btA+Bf/wQnQMuiD0Wfk1EVv3TlNT3x41uU71rn6E4xh/+zvkw==",
      "cpu": [
        "arm"
      ],
      "dev": true,
      "libc": [
        "musl"
      ],
      "license": "MIT",
      "optional": true,
      "os": [
        "linux"
      ],
      "engines": {
        "node": ">= 10.0.0"
      },
      "funding": {
        "type": "opencollective",
        "url": "https://opencollective.com/parcel"
      }
    },
    "node_modules/@parcel/watcher-linux-arm64-glibc": {
      "version": "2.6.0",
      "resolved": "https://registry.npmjs.org/@parcel/watcher-linux-arm64-glibc/-/watcher-linux-arm64-glibc-2.6.0.tgz",
      "integrity": "sha512-yHRqS2owEXe6Hic9z6Mh1ECsCd+ODVOGvZDyciqRd21+v+o+DnXMOrw50DSpIG2sb8GPEaPPmfeCAWKPJdq46g==",
      "cpu": [
        "arm64"
      ],
      "dev": true,
      "libc": [
        "glibc"
      ],
      "license": "MIT",
      "optional": true,
      "os": [
        "linux"
      ],
      "engines": {
        "node": ">= 10.0.0"
      },
      "funding": {
        "type": "opencollective",
        "url": "https://opencollective.com/parcel"
      }
    },
    "node_modules/@parcel/watcher-linux-arm64-musl": {
      "version": "2.6.0",
      "resolved": "https://registry.npmjs.org/@parcel/watcher-linux-arm64-musl/-/watcher-linux-arm64-musl-2.6.0.tgz",
      "integrity": "sha512-WhB2e/V7rqdHHWZusBSPuy5Ei8S6lSz6FE5TKKQz5h3a0O+C+mhY7vxU9b/stqvMb8beLnPY82ZrFTLKs+SrKA==",
      "cpu": [
        "arm64"
      ],
      "dev": true,
      "libc": [
        "musl"
      ],
      "license": "MIT",
      "optional": true,
      "os": [
        "linux"
      ],
      "engines": {
        "node": ">= 10.0.0"
      },
      "funding": {
        "type": "opencollective",
        "url": "https://opencollective.com/parcel"
      }
    },
    "node_modules/@parcel/watcher-linux-x64-glibc": {
      "version": "2.6.0",
      "cpu": [
        "x64"
      ],
      "dev": true,
      "libc": [
        "glibc"
      ],
      "license": "MIT",
      "optional": true,
      "os": [
        "linux"
      ],
      "engines": {
        "node": ">= 10.0.0"
      },
      "funding": {
        "type": "opencollective",
        "url": "https://opencollective.com/parcel"
      }
    },
    "node_modules/@parcel/watcher-linux-x64-musl": {
      "version": "2.6.0",
      "resolved": "https://registry.npmjs.org/@parcel/watcher-linux-x64-musl/-/watcher-linux-x64-musl-2.6.0.tgz",
      "integrity": "sha512-tkBYKt7YQrjIJWYDnto2YgO8MRkjlMTSNoRHzsXinBqbLdeOM3L32wPZJvIZxqaLMfSlS/4sUjH/6STVP/XDLw==",
      "cpu": [
        "x64"
      ],
      "dev": true,
      "libc": [
        "musl"
      ],
      "license": "MIT",
      "optional": true,
      "os": [
        "linux"
      ],
      "engines": {
        "node": ">= 10.0.0"
      },
      "funding": {
        "type": "opencollective",
        "url": "https://opencollective.com/parcel"
      }
    },
    "node_modules/@parcel/watcher-win32-arm64": {
      "version": "2.6.0",
      "resolved": "https://registry.npmjs.org/@parcel/watcher-win32-arm64/-/watcher-win32-arm64-2.6.0.tgz",
      "integrity": "sha512-gIZAP23jaHjGWasY/TY6yL7NHFClf0Ga7FN+iINvk+KN94rhm94lYZhFsbYFNcA04/onvGD9kKmiJLJB2HbNwQ==",
      "cpu": [
        "arm64"
      ],
      "dev": true,
      "license": "MIT",
      "optional": true,
      "os": [
        "win32"
      ],
      "engines": {
        "node": ">= 10.0.0"
      },
      "funding": {
        "type": "opencollective",
        "url": "https://opencollective.com/parcel"
      }
    },
    "node_modules/@parcel/watcher-win32-x64": {
      "version": "2.6.0",
      "resolved": "https://registry.npmjs.org/@parcel/watcher-win32-x64/-/watcher-win32-x64-2.6.0.tgz",
      "integrity": "sha512-cA+/pXV2YkfxlIcXOQ5fSWqAzzPyD78/x5qbK/I0vUkrlYHA8TIz+MXjAbGouguKVSI4bOmkTSJ1/poVSsgt+A==",
      "cpu": [
        "x64"
      ],
      "dev": true,
      "license": "MIT",
      "optional": true,
      "os": [
        "win32"
      ],
      "engines": {
        "node": ">= 10.0.0"
      },
      "funding": {
        "type": "opencollective",
        "url": "https://opencollective.com/parcel"
      }
    },
    "node_modules/@rsbuild/core": {
      "version": "2.2.3",
      "dev": true,
      "license": "MIT",
      "dependencies": {
        "@rspack/core": "~2.2.2",
        "@swc/helpers": "^0.5.23"
      },
      "bin": {
        "rsbuild": "bin/rsbuild.js"
      },
      "engines": {
        "node": "^20.19.0 || >=22.12.0"
      },
      "peerDependencies": {
        "core-js": ">= 3.0.0"
      },
      "peerDependenciesMeta": {
        "core-js": {
          "optional": true
        }
      }
    },
    "node_modules/@rsbuild/plugin-sass": {
      "version": "2.0.1",
      "dev": true,
      "license": "MIT",
      "dependencies": {
        "deepmerge": "^4.3.1",
        "loader-utils": "^2.0.4",
        "postcss": "^8.5.15",
        "reduce-configs": "^2.0.1",
        "sass-embedded": "^1.100.0"
      },
      "peerDependencies": {
        "@rsbuild/core": "^2.0.0"
      },
      "peerDependenciesMeta": {
        "@rsbuild/core": {
          "optional": true
        }
      }
    },
    "node_modules/@rsbuild/plugin-svelte": {
      "version": "2.0.1",
      "dev": true,
      "license": "MIT",
      "dependencies": {
        "svelte-loader": "3.2.4",
        "svelte-preprocess": "6.0.5"
      },
      "peerDependencies": {
        "@rsbuild/core": "^2.0.0",
        "svelte": "^5.0.0"
      },
      "peerDependenciesMeta": {
        "@rsbuild/core": {
          "optional": true
        }
      }
    },
    "node_modules/@rsbuild/plugin-svelte/node_modules/svelte-preprocess": {
      "version": "6.0.5",
      "dev": true,
      "hasInstallScript": true,
      "license": "MIT",
      "engines": {
        "node": ">= 18.0.0"
      },
      "peerDependencies": {
        "@babel/core": "^7.10.2",
        "coffeescript": "^2.5.1",
        "less": "^3.11.3 || ^4.0.0",
        "postcss": "^7 || ^8",
        "postcss-load-config": ">=3",
        "pug": "^3.0.0",
        "sass": "^1.26.8",
        "stylus": ">=0.55",
        "sugarss": "^2.0.0 || ^3.0.0 || ^4.0.0",
        "svelte": "^4.0.0 || ^5.0.0-next.100 || ^5.0.0",
        "typescript": "^5.0.0 || ^6.0.0"
      },
      "peerDependenciesMeta": {
        "@babel/core": {
          "optional": true
        },
        "coffeescript": {
          "optional": true
        },
        "less": {
          "optional": true
        },
        "postcss": {
          "optional": true
        },
        "postcss-load-config": {
          "optional": true
        },
        "pug": {
          "optional": true
        },
        "sass": {
          "optional": true
        },
        "stylus": {
          "optional": true
        },
        "sugarss": {
          "optional": true
        },
        "typescript": {
          "optional": true
        }
      }
    },
    "node_modules/@rspack/binding": {
      "version": "2.2.2",
      "dev": true,
      "license": "MIT",
      "optionalDependencies": {
        "@rspack/binding-darwin-arm64": "2.2.2",
        "@rspack/binding-darwin-x64": "2.2.2",
        "@rspack/binding-linux-arm64-gnu": "2.2.2",
        "@rspack/binding-linux-arm64-musl": "2.2.2",
        "@rspack/binding-linux-ppc64-gnu": "2.2.2",
        "@rspack/binding-linux-riscv64-gnu": "2.2.2",
        "@rspack/binding-linux-riscv64-musl": "2.2.2",
        "@rspack/binding-linux-s390x-gnu": "2.2.2",
        "@rspack/binding-linux-x64-gnu": "2.2.2",
        "@rspack/binding-linux-x64-musl": "2.2.2",
        "@rspack/binding-wasm32-wasi": "2.2.2",
        "@rspack/binding-win32-arm64-msvc": "2.2.2",
        "@rspack/binding-win32-ia32-msvc": "2.2.2",
        "@rspack/binding-win32-x64-msvc": "2.2.2"
      }
    },
    "node_modules/@rspack/binding-darwin-arm64": {
      "version": "2.2.2",
      "resolved": "https://registry.npmjs.org/@rspack/binding-darwin-arm64/-/binding-darwin-arm64-2.2.2.tgz",
      "integrity": "sha512-/le/AvV4HSinXTPs2Lqpujxt189Z5T10Ggt96QzckLRPvIchzqoavVDDjltzC7XcaZ87XCH/X06jNKgzkcBBNA==",
      "cpu": [
        "arm64"
      ],
      "dev": true,
      "license": "MIT",
      "optional": true,
      "os": [
        "darwin"
      ]
    },
    "node_modules/@rspack/binding-darwin-x64": {
      "version": "2.2.2",
      "resolved": "https://registry.npmjs.org/@rspack/binding-darwin-x64/-/binding-darwin-x64-2.2.2.tgz",
      "integrity": "sha512-uFIcUPUXiPxM6ljenLafp5TemT8eLZm1riRn8fJYmpqNCK+aCcTaud18XHZpI5SjzzcY+xUHfVShgvNzKXuf2g==",
      "cpu": [
        "x64"
      ],
      "dev": true,
      "license": "MIT",
      "optional": true,
      "os": [
        "darwin"
      ]
    },
    "node_modules/@rspack/binding-linux-arm64-gnu": {
      "version": "2.2.2",
      "resolved": "https://registry.npmjs.org/@rspack/binding-linux-arm64-gnu/-/binding-linux-arm64-gnu-2.2.2.tgz",
      "integrity": "sha512-Pjby4pDSMNJQK2VBzpgCj6lb+DGuenS1fEDb6xi5/apbJb9v5WE+e43Mz7i+XqgXS8e846pjaONV3KM5WKB1LQ==",
      "cpu": [
        "arm64"
      ],
      "dev": true,
      "libc": [
        "glibc"
      ],
      "license": "MIT",
      "optional": true,
      "os": [
        "linux"
      ]
    },
    "node_modules/@rspack/binding-linux-arm64-musl": {
      "version": "2.2.2",
      "resolved": "https://registry.npmjs.org/@rspack/binding-linux-arm64-musl/-/binding-linux-arm64-musl-2.2.2.tgz",
      "integrity": "sha512-0u9O7tTVT2z+F6o/eEY6f6+My8Jn9U56QiBwkfy90ZaoAfZyQSSTxqaK/zA7W43oFxQefeCpiPas27VUzrSakw==",
      "cpu": [
        "arm64"
      ],
      "dev": true,
      "libc": [
        "musl"
      ],
      "license": "MIT",
      "optional": true,
      "os": [
        "linux"
      ]
    },
    "node_modules/@rspack/binding-linux-ppc64-gnu": {
      "version": "2.2.2",
      "resolved": "https://registry.npmjs.org/@rspack/binding-linux-ppc64-gnu/-/binding-linux-ppc64-gnu-2.2.2.tgz",
      "integrity": "sha512-N3lVnhq5qOvpmP5n386JzR1GcE8HzAqq4/r440Z6yle9m7PhVFJ6oXVWxgaDTYV0mtv9YLJmaG+YrjYfUa1vuA==",
      "cpu": [
        "ppc64"
      ],
      "dev": true,
      "libc": [
        "glibc"
      ],
      "license": "MIT",
      "optional": true,
      "os": [
        "linux"
      ]
    },
    "node_modules/@rspack/binding-linux-riscv64-gnu": {
      "version": "2.2.2",
      "resolved": "https://registry.npmjs.org/@rspack/binding-linux-riscv64-gnu/-/binding-linux-riscv64-gnu-2.2.2.tgz",
      "integrity": "sha512-ReClZyp32/rJkUDV/oGDU0X6BCFyEkTR6r4stFwm/qOOaG6mUMRzZe4gur8Yh979p4Hiz9EdkmfEHY02GBXcaQ==",
      "cpu": [
        "riscv64"
      ],
      "dev": true,
      "libc": [
        "glibc"
      ],
      "license": "MIT",
      "optional": true,
      "os": [
        "linux"
      ]
    },
    "node_modules/@rspack/binding-linux-riscv64-musl": {
      "version": "2.2.2",
      "resolved": "https://registry.npmjs.org/@rspack/binding-linux-riscv64-musl/-/binding-linux-riscv64-musl-2.2.2.tgz",
      "integrity": "sha512-mqsorvTNerr3r8zI35NFTPYATPDlhepdiUhZjKT6ylqpHlP7vLU9fp4aEMK/CuTv2f+IVsa0+iZqtMxHs2tSjw==",
      "cpu": [
        "riscv64"
      ],
      "dev": true,
      "libc": [
        "musl"
      ],
      "license": "MIT",
      "optional": true,
      "os": [
        "linux"
      ]
    },
    "node_modules/@rspack/binding-linux-s390x-gnu": {
      "version": "2.2.2",
      "resolved": "https://registry.npmjs.org/@rspack/binding-linux-s390x-gnu/-/binding-linux-s390x-gnu-2.2.2.tgz",
      "integrity": "sha512-ql2Jub8QYWSugBppmj2u0SjcIj6fOQuAaLCYQOqU7zbvz/uuWTfoqmdWKExwrxeCU9Tzt7emVM0ETuVEpoca+A==",
      "cpu": [
        "s390x"
      ],
      "dev": true,
      "libc": [
        "glibc"
      ],
      "license": "MIT",
      "optional": true,
      "os": [
        "linux"
      ]
    },
    "node_modules/@rspack/binding-linux-x64-gnu": {
      "version": "2.2.2",
      "cpu": [
        "x64"
      ],
      "dev": true,
      "libc": [
        "glibc"
      ],
      "license": "MIT",
      "optional": true,
      "os": [
        "linux"
      ]
    },
    "node_modules/@rspack/binding-linux-x64-musl": {
      "version": "2.2.2",
      "resolved": "https://registry.npmjs.org/@rspack/binding-linux-x64-musl/-/binding-linux-x64-musl-2.2.2.tgz",
      "integrity": "sha512-y9/9CmE8lrECaF17GAhacibTL+SvlEPEotQnUuBFC/WFtXh8hU2E7a7bAkpYGSLH6kM0nrJZHO3hTvM1wdWOJw==",
      "cpu": [
        "x64"
      ],
      "dev": true,
      "libc": [
        "musl"
      ],
      "license": "MIT",
      "optional": true,
      "os": [
        "linux"
      ]
    },
    "node_modules/@rspack/binding-wasm32-wasi": {
      "version": "2.2.2",
      "resolved": "https://registry.npmjs.org/@rspack/binding-wasm32-wasi/-/binding-wasm32-wasi-2.2.2.tgz",
      "integrity": "sha512-VbDIjjeFwZvMSKAOGY5IbU6lLzt6AHHHncTdMMkZ94Xk7O2BOHe9BXDV32Ln29TIW2C8m1fdxfPZWDiecVghUQ==",
      "cpu": [
        "wasm32"
      ],
      "dev": true,
      "license": "MIT",
      "optional": true,
      "dependencies": {
        "@emnapi/core": "1.11.3",
        "@emnapi/runtime": "1.11.3",
        "@napi-rs/wasm-runtime": "1.1.6"
      }
    },
    "node_modules/@rspack/binding-win32-arm64-msvc": {
      "version": "2.2.2",
      "resolved": "https://registry.npmjs.org/@rspack/binding-win32-arm64-msvc/-/binding-win32-arm64-msvc-2.2.2.tgz",
      "integrity": "sha512-rfcNg0W3ZPZvXma1gTyEt9/Z8FxASIaQr+sMWTSaTPPaeU3xY1+0hYcrD0kUFNs3/5L4u63myI4R8qRXiuW3pA==",
      "cpu": [
        "arm64"
      ],
      "dev": true,
      "license": "MIT",
      "optional": true,
      "os": [
        "win32"
      ]
    },
    "node_modules/@rspack/binding-win32-ia32-msvc": {
      "version": "2.2.2",
      "resolved": "https://registry.npmjs.org/@rspack/binding-win32-ia32-msvc/-/binding-win32-ia32-msvc-2.2.2.tgz",
      "integrity": "sha512-TFPvr9RZw9oHIhooDhXHzWjKcHpGPTxkznSeM2poIWU0CdEuua2rVUfsrriTF1Dmx+9kMly61DQmyOHCbb+b2g==",
      "cpu": [
        "ia32"
      ],
      "dev": true,
      "license": "MIT",
      "optional": true,
      "os": [
        "win32"
      ]
    },
    "node_modules/@rspack/binding-win32-x64-msvc": {
      "version": "2.2.2",
      "resolved": "https://registry.npmjs.org/@rspack/binding-win32-x64-msvc/-/binding-win32-x64-msvc-2.2.2.tgz",
      "integrity": "sha512-GvEGyL594dtWN9SoVnKWh0exrM8WLInaUjwcuA2JKbCi1ak/9iHxip/U1dY3DuVqBYBhmvYq96JPbl91xnzFjg==",
      "cpu": [
        "x64"
      ],
      "dev": true,
      "license": "MIT",
      "optional": true,
      "os": [
        "win32"
      ]
    },
    "node_modules/@rspack/core": {
      "version": "2.2.2",
      "dev": true,
      "license": "MIT",
      "dependencies": {
        "@rspack/binding": "2.2.2"
      },
      "engines": {
        "node": "^20.19.0 || >=22.12.0"
      },
      "peerDependencies": {
        "@module-federation/runtime-tools": "^0.24.1 || ^2.0.0",
        "@swc/helpers": "^0.5.23"
      },
      "peerDependenciesMeta": {
        "@module-federation/runtime-tools": {
          "optional": true
        },
        "@swc/helpers": {
          "optional": true
        }
      }
    },
    "node_modules/@sveltejs/acorn-typescript": {
      "version": "1.0.13",
      "license": "MIT",
      "peerDependencies": {
        "acorn": "^8.9.0"
      }
    },
    "node_modules/@sveltejs/load-config": {
      "version": "0.2.3",
      "dev": true,
      "license": "MIT",
      "engines": {
        "node": ">= 18.0.0"
      }
    },
    "node_modules/@swc/helpers": {
      "version": "0.5.23",
      "dev": true,
      "license": "Apache-2.0",
      "dependencies": {
        "tslib": "^2.8.0"
      }
    },
    "node_modules/@tweenjs/tween.js": {
      "version": "23.1.3",
      "dev": true,
      "license": "MIT"
    },
    "node_modules/@tybys/wasm-util": {
      "version": "0.10.4",
      "resolved": "https://registry.npmjs.org/@tybys/wasm-util/-/wasm-util-0.10.4.tgz",
      "integrity": "sha512-W3c4gRigFS0T/Ma4qIYF3GDAc5AQdHb1yL5znJT1Zv1YaD9Kitx656wBjvr19qbiosmZT8lWDM5BEMynUqX65A==",
      "dev": true,
      "license": "MIT",
      "optional": true,
      "dependencies": {
        "tslib": "^2.4.0"
      }
    },
    "node_modules/@types/estree": {
      "version": "1.0.9",
      "license": "MIT"
    },
    "node_modules/@types/stats.js": {
      "version": "0.17.4",
      "dev": true,
      "license": "MIT"
    },
    "node_modules/@types/three": {
      "version": "0.185.4",
      "dev": true,
      "license": "MIT",
      "dependencies": {
        "@dimforge/rapier3d-compat": "~0.12.0",
        "@tweenjs/tween.js": "~23.1.3",
        "@types/stats.js": "*",
        "@types/webxr": ">=0.5.17",
        "fflate": "~0.8.2",
        "meshoptimizer": "~1.1.1"
      }
    },
    "node_modules/@types/webxr": {
      "version": "0.5.24",
      "dev": true,
      "license": "MIT"
    },
    "node_modules/acorn": {
      "version": "8.18.0",
      "license": "MIT",
      "bin": {
        "acorn": "bin/acorn"
      },
      "engines": {
        "node": ">=0.4.0"
      }
    },
    "node_modules/aria-query": {
      "version": "5.3.1",
      "license": "Apache-2.0",
      "engines": {
        "node": ">= 0.4"
      }
    },
    "node_modules/axobject-query": {
      "version": "4.1.0",
      "license": "Apache-2.0",
      "engines": {
        "node": ">= 0.4"
      }
    },
    "node_modules/big.js": {
      "version": "5.2.2",
      "dev": true,
      "license": "MIT",
      "engines": {
        "node": "*"
      }
    },
    "node_modules/chokidar": {
      "version": "4.0.3",
      "dev": true,
      "license": "MIT",
      "dependencies": {
        "readdirp": "^4.0.1"
      },
      "engines": {
        "node": ">= 14.16.0"
      },
      "funding": {
        "url": "https://paulmillr.com/funding/"
      }
    },
    "node_modules/clsx": {
      "version": "2.1.1",
      "license": "MIT",
      "engines": {
        "node": ">=6"
      }
    },
    "node_modules/colorjs.io": {
      "version": "0.7.1",
      "dev": true,
      "license": "MIT",
      "funding": {
        "type": "opencollective",
        "url": "https://opencollective.com/color"
      }
    },
    "node_modules/deepmerge": {
      "version": "4.3.1",
      "dev": true,
      "license": "MIT",
      "engines": {
        "node": ">=0.10.0"
      }
    },
    "node_modules/detect-libc": {
      "version": "2.1.2",
      "dev": true,
      "license": "Apache-2.0",
      "optional": true,
      "engines": {
        "node": ">=8"
      }
    },
    "node_modules/devalue": {
      "version": "5.9.4",
      "license": "MIT"
    },
    "node_modules/emojis-list": {
      "version": "3.0.0",
      "dev": true,
      "license": "MIT",
      "engines": {
        "node": ">= 4"
      }
    },
    "node_modules/esm-env": {
      "version": "1.2.2",
      "license": "MIT"
    },
    "node_modules/esrap": {
      "version": "2.3.7",
      "license": "MIT",
      "dependencies": {
        "@jridgewell/sourcemap-codec": "^1.4.15"
      },
      "peerDependencies": {
        "@typescript-eslint/types": "^8.2.0"
      },
      "peerDependenciesMeta": {
        "@typescript-eslint/types": {
          "optional": true
        }
      }
    },
    "node_modules/fdir": {
      "version": "6.5.0",
      "dev": true,
      "license": "MIT",
      "engines": {
        "node": ">=12.0.0"
      },
      "peerDependencies": {
        "picomatch": "^3 || ^4"
      },
      "peerDependenciesMeta": {
        "picomatch": {
          "optional": true
        }
      }
    },
    "node_modules/fflate": {
      "version": "0.8.3",
      "dev": true,
      "license": "MIT"
    },
    "node_modules/has-flag": {
      "version": "4.0.0",
      "dev": true,
      "license": "MIT",
      "engines": {
        "node": ">=8"
      }
    },
    "node_modules/immutable": {
      "version": "5.1.9",
      "dev": true,
      "license": "MIT"
    },
    "node_modules/is-extglob": {
      "version": "2.1.1",
      "dev": true,
      "license": "MIT",
      "optional": true,
      "engines": {
        "node": ">=0.10.0"
      }
    },
    "node_modules/is-glob": {
      "version": "4.0.3",
      "dev": true,
      "license": "MIT",
      "optional": true,
      "dependencies": {
        "is-extglob": "^2.1.1"
      },
      "engines": {
        "node": ">=0.10.0"
      }
    },
    "node_modules/is-reference": {
      "version": "3.0.3",
      "license": "MIT",
      "dependencies": {
        "@types/estree": "^1.0.6"
      }
    },
    "node_modules/json5": {
      "version": "2.2.3",
      "dev": true,
      "license": "MIT",
      "bin": {
        "json5": "lib/cli.js"
      },
      "engines": {
        "node": ">=6"
      }
    },
    "node_modules/loader-utils": {
      "version": "2.0.4",
      "dev": true,
      "license": "MIT",
      "dependencies": {
        "big.js": "^5.2.2",
        "emojis-list": "^3.0.0",
        "json5": "^2.1.2"
      },
      "engines": {
        "node": ">=8.9.0"
      }
    },
    "node_modules/locate-character": {
      "version": "3.0.0",
      "license": "MIT"
    },
    "node_modules/magic-string": {
      "version": "0.30.21",
      "license": "MIT",
      "dependencies": {
        "@jridgewell/sourcemap-codec": "^1.5.5"
      }
    },
    "node_modules/meshoptimizer": {
      "version": "1.1.1",
      "dev": true,
      "license": "MIT"
    },
    "node_modules/mri": {
      "version": "1.2.0",
      "dev": true,
      "license": "MIT",
      "engines": {
        "node": ">=4"
      }
    },
    "node_modules/nanoid": {
      "version": "3.3.20",
      "dev": true,
      "funding": [
        {
          "type": "github",
          "url": "https://github.com/sponsors/ai"
        }
      ],
      "license": "MIT",
      "bin": {
        "nanoid": "bin/nanoid.cjs"
      },
      "engines": {
        "node": "^10 || ^12 || ^13.7 || ^14 || >=15.0.1"
      }
    },
    "node_modules/node-addon-api": {
      "version": "7.1.1",
      "dev": true,
      "license": "MIT",
      "optional": true
    },
    "node_modules/picocolors": {
      "version": "1.1.1",
      "dev": true,
      "license": "ISC"
    },
    "node_modules/picomatch": {
      "version": "4.0.7",
      "dev": true,
      "license": "MIT",
      "optional": true,
      "engines": {
        "node": ">=12"
      },
      "funding": {
        "url": "https://github.com/sponsors/jonschlinkert"
      }
    },
    "node_modules/postcss": {
      "version": "8.5.29",
      "dev": true,
      "funding": [
        {
          "type": "opencollective",
          "url": "https://opencollective.com/postcss/"
        },
        {
          "type": "tidelift",
          "url": "https://tidelift.com/funding/github/npm/postcss"
        },
        {
          "type": "github",
          "url": "https://github.com/sponsors/ai"
        }
      ],
      "license": "MIT",
      "dependencies": {
        "nanoid": "^3.3.19",
        "picocolors": "^1.1.1",
        "source-map-js": "^1.2.2"
      },
      "engines": {
        "node": "^10 || ^12 || >=14"
      }
    },
    "node_modules/prettier": {
      "version": "3.9.6",
      "dev": true,
      "license": "MIT",
      "bin": {
        "prettier": "bin/prettier.cjs"
      },
      "engines": {
        "node": ">=14"
      },
      "funding": {
        "url": "https://github.com/prettier/prettier?sponsor=1"
      }
    },
    "node_modules/prettier-plugin-svelte": {
      "version": "4.1.1",
      "dev": true,
      "license": "MIT",
      "engines": {
        "node": ">=20"
      },
      "peerDependencies": {
        "prettier": "^3.0.0",
        "svelte": "^5.0.0"
      }
    },
    "node_modules/readdirp": {
      "version": "4.1.2",
      "dev": true,
      "license": "MIT",
      "engines": {
        "node": ">= 14.18.0"
      },
      "funding": {
        "type": "individual",
        "url": "https://paulmillr.com/funding/"
      }
    },
    "node_modules/reduce-configs": {
      "version": "2.0.1",
      "dev": true,
      "license": "MIT"
    },
    "node_modules/regexparam": {
      "version": "2.0.2",
      "license": "MIT",
      "engines": {
        "node": ">=8"
      }
    },
    "node_modules/rxjs": {
      "version": "7.8.2",
      "dev": true,
      "license": "Apache-2.0",
      "dependencies": {
        "tslib": "^2.1.0"
      }
    },
    "node_modules/sade": {
      "version": "1.8.1",
      "dev": true,
      "license": "MIT",
      "dependencies": {
        "mri": "^1.1.0"
      },
      "engines": {
        "node": ">=6"
      }
    },
    "node_modules/sass": {
      "version": "1.105.1",
      "dev": true,
      "license": "MIT",
      "dependencies": {
        "chokidar": "^5.0.0",
        "immutable": "^5.1.5",
        "source-map-js": ">=0.6.2 <2.0.0"
      },
      "bin": {
        "sass": "sass.js"
      },
      "engines": {
        "node": ">=20.19.0"
      },
      "optionalDependencies": {
        "@parcel/watcher": "^2.4.1"
      }
    },
    "node_modules/sass-embedded": {
      "version": "1.105.1",
      "dev": true,
      "license": "MIT",
      "dependencies": {
        "@bufbuild/protobuf": "^2.5.0",
        "colorjs.io": "^0.7.0",
        "immutable": "^5.1.5",
        "rxjs": "^7.4.0",
        "supports-color": "^8.1.1",
        "sync-child-process": "^1.0.2",
        "varint": "^6.0.0"
      },
      "bin": {
        "sass": "dist/bin/sass.js"
      },
      "engines": {
        "node": ">=20.19.0"
      },
      "optionalDependencies": {
        "sass-embedded-all-unknown": "1.105.1",
        "sass-embedded-android-arm": "1.105.1",
        "sass-embedded-android-arm64": "1.105.1",
        "sass-embedded-android-riscv64": "1.105.1",
        "sass-embedded-android-x64": "1.105.1",
        "sass-embedded-darwin-arm64": "1.105.1",
        "sass-embedded-darwin-x64": "1.105.1",
        "sass-embedded-linux-arm": "1.105.1",
        "sass-embedded-linux-arm64": "1.105.1",
        "sass-embedded-linux-musl-arm": "1.105.1",
        "sass-embedded-linux-musl-arm64": "1.105.1",
        "sass-embedded-linux-musl-riscv64": "1.105.1",
        "sass-embedded-linux-musl-x64": "1.105.1",
        "sass-embedded-linux-riscv64": "1.105.1",
        "sass-embedded-linux-x64": "1.105.1",
        "sass-embedded-unknown-all": "1.105.1",
        "sass-embedded-win32-arm64": "1.105.1",
        "sass-embedded-win32-x64": "1.105.1"
      }
    },
    "node_modules/sass-embedded-all-unknown": {
      "version": "1.105.1",
      "resolved": "https://registry.npmjs.org/sass-embedded-all-unknown/-/sass-embedded-all-unknown-1.105.1.tgz",
      "integrity": "sha512-kN0G03K9KoUbSf72t7ZvxAudcB4Wbf0M0XFaPc1gaF94jEPUb0xLCQUIPIDPH2Kx8vpYZ/GzzgF7USsB6rUYfw==",
      "cpu": [
        "!arm",
        "!arm64",
        "!riscv64",
        "!x64"
      ],
      "dev": true,
      "license": "MIT",
      "optional": true,
      "dependencies": {
        "sass": "1.105.1"
      }
    },
    "node_modules/sass-embedded-android-arm": {
      "version": "1.105.1",
      "resolved": "https://registry.npmjs.org/sass-embedded-android-arm/-/sass-embedded-android-arm-1.105.1.tgz",
      "integrity": "sha512-WYltUXkUP9jDaUq4uUiLgZXyYO5c72sa/TvpO4E2MMRdS+WJWgrPUDyvO+DpMR9gKWIm0QQ5cCEYnPDgovjVJw==",
      "cpu": [
        "arm"
      ],
      "dev": true,
      "license": "MIT",
      "optional": true,
      "os": [
        "android"
      ],
      "engines": {
        "node": ">=14.0.0"
      }
    },
    "node_modules/sass-embedded-android-arm64": {
      "version": "1.105.1",
      "resolved": "https://registry.npmjs.org/sass-embedded-android-arm64/-/sass-embedded-android-arm64-1.105.1.tgz",
      "integrity": "sha512-lWnIFmW3gL4ZDfZgjeUfxazmA0zlwSS/ADe2q9XmP0W2UfM9kuvrXdWvp6KjZOCv0CrTYVQMrIUj8Of1L2M24Q==",
      "cpu": [
        "arm64"
      ],
      "dev": true,
      "license": "MIT",
      "optional": true,
      "os": [
        "android"
      ],
      "engines": {
        "node": ">=14.0.0"
      }
    },
    "node_modules/sass-embedded-android-riscv64": {
      "version": "1.105.1",
      "resolved": "https://registry.npmjs.org/sass-embedded-android-riscv64/-/sass-embedded-android-riscv64-1.105.1.tgz",
      "integrity": "sha512-lWity0qhyQyPgkHUfZz+4IeD0r6mcAqG9KzOwVSjUrcSR9xAfWFKYAtHTA05R28ymyXf2Sf2+XfNV7YkxLgkUQ==",
      "cpu": [
        "riscv64"
      ],
      "dev": true,
      "license": "MIT",
      "optional": true,
      "os": [
        "android"
      ],
      "engines": {
        "node": ">=14.0.0"
      }
    },
    "node_modules/sass-embedded-android-x64": {
      "version": "1.105.1",
      "resolved": "https://registry.npmjs.org/sass-embedded-android-x64/-/sass-embedded-android-x64-1.105.1.tgz",
      "integrity": "sha512-FRGZuIZ9eS3qutYPFqz8u12Ti9ccyWKWb7F7rKRI1BkIEmLZV1rC862dUGnTV2d9Tk9qbSAXL71t8alUR+fzIA==",
      "cpu": [
        "x64"
      ],
      "dev": true,
      "license": "MIT",
      "optional": true,
      "os": [
        "android"
      ],
      "engines": {
        "node": ">=14.0.0"
      }
    },
    "node_modules/sass-embedded-darwin-arm64": {
      "version": "1.105.1",
      "resolved": "https://registry.npmjs.org/sass-embedded-darwin-arm64/-/sass-embedded-darwin-arm64-1.105.1.tgz",
      "integrity": "sha512-75qVpHj0qwJKWOo+ZA5NPVFnOGfRrUiBdnLR0dPqsvzp3acvb5gBevptqTtJjVWubpYRIjcRdDDjmeWoXnfacQ==",
      "cpu": [
        "arm64"
      ],
      "dev": true,
      "license": "MIT",
      "optional": true,
      "os": [
        "darwin"
      ],
      "engines": {
        "node": ">=14.0.0"
      }
    },
    "node_modules/sass-embedded-darwin-x64": {
      "version": "1.105.1",
      "resolved": "https://registry.npmjs.org/sass-embedded-darwin-x64/-/sass-embedded-darwin-x64-1.105.1.tgz",
      "integrity": "sha512-5TV8xyZrOO89ky752favkTuyz9O2hOB2aMoiUpMTk0rFr+UVANcXdIrEvJ9WKoqTHaszim7un3jADumunpW7zQ==",
      "cpu": [
        "x64"
      ],
      "dev": true,
      "license": "MIT",
      "optional": true,
      "os": [
        "darwin"
      ],
      "engines": {
        "node": ">=14.0.0"
      }
    },
    "node_modules/sass-embedded-linux-arm": {
      "version": "1.105.1",
      "resolved": "https://registry.npmjs.org/sass-embedded-linux-arm/-/sass-embedded-linux-arm-1.105.1.tgz",
      "integrity": "sha512-Ng9GWIF6heTrwc9r/FFY9oUSoaylV2zcS296Qo2re3tJfLMWR37O2JUMyzPT+vtkRs8k3JOE6jTFVlXYnz4EAA==",
      "cpu": [
        "arm"
      ],
      "dev": true,
      "libc": "glibc",
      "license": "MIT",
      "optional": true,
      "os": [
        "linux"
      ],
      "engines": {
        "node": ">=14.0.0"
      }
    },
    "node_modules/sass-embedded-linux-arm64": {
      "version": "1.105.1",
      "resolved": "https://registry.npmjs.org/sass-embedded-linux-arm64/-/sass-embedded-linux-arm64-1.105.1.tgz",
      "integrity": "sha512-arALlVQkXjxN1RPaQR41vbDYXrTIdXwPtEzBWRkOg7FdIN/dSohY8ik96M6M3MSc+niV/UIC7BO47PcspzJGpw==",
      "cpu": [
        "arm64"
      ],
      "dev": true,
      "libc": "glibc",
      "license": "MIT",
      "optional": true,
      "os": [
        "linux"
      ],
      "engines": {
        "node": ">=14.0.0"
      }
    },
    "node_modules/sass-embedded-linux-musl-arm": {
      "version": "1.105.1",
      "resolved": "https://registry.npmjs.org/sass-embedded-linux-musl-arm/-/sass-embedded-linux-musl-arm-1.105.1.tgz",
      "integrity": "sha512-7u932XawHxGZvuYV4pOqcCvQi05yMONDmNDxVNh8Q7KmpytQP7mnyxBOYWStiw/p665AVL6BYGe7WY/vzCcWGw==",
      "cpu": [
        "arm"
      ],
      "dev": true,
      "libc": "musl",
      "license": "MIT",
      "optional": true,
      "os": [
        "linux"
      ],
      "engines": {
        "node": ">=14.0.0"
      }
    },
    "node_modules/sass-embedded-linux-musl-arm64": {
      "version": "1.105.1",
      "resolved": "https://registry.npmjs.org/sass-embedded-linux-musl-arm64/-/sass-embedded-linux-musl-arm64-1.105.1.tgz",
      "integrity": "sha512-KizYVR3d70U67iLgKdF+HCKBdQYUxYiv0YWCS3zl6GwNGIbGXlkOtnjxus41CKTA4oOK0KsSus9P5zwhOBjiYA==",
      "cpu": [
        "arm64"
      ],
      "dev": true,
      "libc": "musl",
      "license": "MIT",
      "optional": true,
      "os": [
        "linux"
      ],
      "engines": {
        "node": ">=14.0.0"
      }
    },
    "node_modules/sass-embedded-linux-musl-riscv64": {
      "version": "1.105.1",
      "resolved": "https://registry.npmjs.org/sass-embedded-linux-musl-riscv64/-/sass-embedded-linux-musl-riscv64-1.105.1.tgz",
      "integrity": "sha512-gs84BgRBVNMX5fHRU3wxc3HuJjl0dUmZFpcVIaDDEVhnp5oXFLQp+gEu0xBBAurTzCHVpPU6GlGK6B1gRKmbhg==",
      "cpu": [
        "riscv64"
      ],
      "dev": true,
      "libc": "musl",
      "license": "MIT",
      "optional": true,
      "os": [
        "linux"
      ],
      "engines": {
        "node": ">=14.0.0"
      }
    },
    "node_modules/sass-embedded-linux-musl-x64": {
      "version": "1.105.1",
      "resolved": "https://registry.npmjs.org/sass-embedded-linux-musl-x64/-/sass-embedded-linux-musl-x64-1.105.1.tgz",
      "integrity": "sha512-jFSRc1BSoCo0bw6GXmBWQMzdj0FBl2FTKSRqQSye3vmlI9O466DwBK4OQL9HRp6MGdY9IQFFMZLPZo5LJWIPsQ==",
      "cpu": [
        "x64"
      ],
      "dev": true,
      "libc": "musl",
      "license": "MIT",
      "optional": true,
      "os": [
        "linux"
      ],
      "engines": {
        "node": ">=14.0.0"
      }
    },
    "node_modules/sass-embedded-linux-riscv64": {
      "version": "1.105.1",
      "resolved": "https://registry.npmjs.org/sass-embedded-linux-riscv64/-/sass-embedded-linux-riscv64-1.105.1.tgz",
      "integrity": "sha512-tkZs6OvA+omJgSf8EaPQavq6M7bJNLm88eKt3yzYnBy0dVGMao4+lyRb/EnsgIq2R/B2lhxUHhSVNWAcY5bgXw==",
      "cpu": [
        "riscv64"
      ],
      "dev": true,
      "libc": "glibc",
      "license": "MIT",
      "optional": true,
      "os": [
        "linux"
      ],
      "engines": {
        "node": ">=14.0.0"
      }
    },
    "node_modules/sass-embedded-linux-x64": {
      "version": "1.105.1",
      "cpu": [
        "x64"
      ],
      "dev": true,
      "libc": "glibc",
      "license": "MIT",
      "optional": true,
      "os": [
        "linux"
      ],
      "engines": {
        "node": ">=14.0.0"
      }
    },
    "node_modules/sass-embedded-unknown-all": {
      "version": "1.105.1",
      "resolved": "https://registry.npmjs.org/sass-embedded-unknown-all/-/sass-embedded-unknown-all-1.105.1.tgz",
      "integrity": "sha512-bd2zDf+MdoPdRDH1awSQ+IL67vHvCbiKsWJ95XchPg3I67zQlXjTSf9KqRiE6twjNT1fRV82JUKoc0Hf6CUmfQ==",
      "dev": true,
      "license": "MIT",
      "optional": true,
      "os": [
        "!android",
        "!darwin",
        "!linux",
        "!win32"
      ],
      "dependencies": {
        "sass": "1.105.1"
      }
    },
    "node_modules/sass-embedded-win32-arm64": {
      "version": "1.105.1",
      "resolved": "https://registry.npmjs.org/sass-embedded-win32-arm64/-/sass-embedded-win32-arm64-1.105.1.tgz",
      "integrity": "sha512-Zpp/RWYL8ZzpLzBrs+/UVMEHOHx7sw4nlq2R52dKQ0qv/0V8oKemAy41PZyLir3c+S2C+YViYyfnFfQLRTAzuA==",
      "cpu": [
        "arm64"
      ],
      "dev": true,
      "license": "MIT",
      "optional": true,
      "os": [
        "win32"
      ],
      "engines": {
        "node": ">=14.0.0"
      }
    },
    "node_modules/sass-embedded-win32-x64": {
      "version": "1.105.1",
      "resolved": "https://registry.npmjs.org/sass-embedded-win32-x64/-/sass-embedded-win32-x64-1.105.1.tgz",
      "integrity": "sha512-DM8EkMDzEsxnYoy11nyA5I4jr8lOV1TVQ/drNYvFQA9undiMzZD+7SkRA0OnCrgD1uCT+uRArCHSpNiiYVks+g==",
      "cpu": [
        "x64"
      ],
      "dev": true,
      "license": "MIT",
      "optional": true,
      "os": [
        "win32"
      ],
      "engines": {
        "node": ">=14.0.0"
      }
    },
    "node_modules/sass/node_modules/chokidar": {
      "version": "5.0.0",
      "dev": true,
      "license": "MIT",
      "dependencies": {
        "readdirp": "^5.0.0"
      },
      "engines": {
        "node": ">= 20.19.0"
      },
      "funding": {
        "url": "https://paulmillr.com/funding/"
      }
    },
    "node_modules/sass/node_modules/readdirp": {
      "version": "5.1.1",
      "dev": true,
      "license": "MIT",
      "engines": {
        "node": ">= 20.19.0"
      },
      "funding": {
        "type": "individual",
        "url": "https://paulmillr.com/funding/"
      }
    },
    "node_modules/source-map-js": {
      "version": "1.2.2",
      "dev": true,
      "license": "BSD-3-Clause",
      "engines": {
        "node": ">=0.10.0"
      }
    },
    "node_modules/supports-color": {
      "version": "8.1.1",
      "dev": true,
      "license": "MIT",
      "dependencies": {
        "has-flag": "^4.0.0"
      },
      "engines": {
        "node": ">=10"
      },
      "funding": {
        "url": "https://github.com/chalk/supports-color?sponsor=1"
      }
    },
    "node_modules/svelte": {
      "version": "5.57.0",
      "license": "MIT",
      "dependencies": {
        "@jridgewell/remapping": "^2.3.4",
        "@jridgewell/sourcemap-codec": "^1.5.0",
        "@sveltejs/acorn-typescript": "^1.0.10",
        "@types/estree": "^1.0.5",
        "acorn": "^8.12.1",
        "aria-query": "5.3.1",
        "axobject-query": "^4.1.0",
        "clsx": "^2.1.1",
        "devalue": "^5.8.1",
        "esm-env": "^1.2.1",
        "esrap": "^2.2.12",
        "is-reference": "^3.0.3",
        "locate-character": "^3.0.0",
        "magic-string": "^0.30.11",
        "zimmerframe": "^1.1.2"
      },
      "engines": {
        "node": ">=18"
      }
    },
    "node_modules/svelte-check": {
      "version": "4.7.6",
      "dev": true,
      "license": "MIT",
      "dependencies": {
        "@jridgewell/trace-mapping": "^0.3.25",
        "@sveltejs/load-config": "^0.2.3",
        "chokidar": "^4.0.1",
        "fdir": "^6.2.0",
        "picocolors": "^1.0.0",
        "sade": "^1.7.4"
      },
      "bin": {
        "svelte-check": "bin/svelte-check"
      },
      "engines": {
        "node": ">= 18.0.0"
      },
      "peerDependencies": {
        "svelte": "^4.0.0 || ^5.0.0-next.0",
        "typescript": "^5.0.0 || ^6.0.0"
      }
    },
    "node_modules/svelte-dev-helper": {
      "version": "1.1.9",
      "dev": true,
      "license": "MIT"
    },
    "node_modules/svelte-hmr": {
      "version": "0.14.12",
      "dev": true,
      "license": "ISC",
      "engines": {
        "node": "^12.20 || ^14.13.1 || >= 16"
      },
      "peerDependencies": {
        "svelte": ">=3.19.0"
      }
    },
    "node_modules/svelte-loader": {
      "version": "3.2.4",
      "dev": true,
      "license": "MIT",
      "dependencies": {
        "loader-utils": "^2.0.4",
        "svelte-dev-helper": "^1.1.9",
        "svelte-hmr": "^0.14.2"
      },
      "peerDependencies": {
        "svelte": "^3.0.0 || ^4.0.0-next.0 || ^5.0.0-next.1"
      }
    },
    "node_modules/svelte-spa-router": {
      "version": "5.1.1",
      "license": "MIT",
      "dependencies": {
        "regexparam": "2.0.2"
      },
      "funding": {
        "url": "https://github.com/sponsors/ItalyPaleAle"
      },
      "peerDependencies": {
        "svelte": "^5.0.0"
      }
    },
    "node_modules/sync-child-process": {
      "version": "1.0.2",
      "dev": true,
      "license": "MIT",
      "dependencies": {
        "sync-message-port": "^1.0.0"
      },
      "engines": {
        "node": ">=16.0.0"
      }
    },
    "node_modules/sync-message-port": {
      "version": "1.2.0",
      "dev": true,
      "license": "MIT",
      "engines": {
        "node": ">=16.0.0"
      }
    },
    "node_modules/three": {
      "version": "0.185.1",
      "license": "MIT"
    },
    "node_modules/tslib": {
      "version": "2.8.1",
      "dev": true,
      "license": "0BSD"
    },
    "node_modules/typescript": {
      "version": "6.0.3",
      "dev": true,
      "license": "Apache-2.0",
      "bin": {
        "tsc": "bin/tsc",
        "tsserver": "bin/tsserver"
      },
      "engines": {
        "node": ">=14.17"
      }
    },
    "node_modules/varint": {
      "version": "6.0.0",
      "dev": true,
      "license": "MIT"
    },
    "node_modules/zimmerframe": {
      "version": "1.1.5",
      "license": "MIT"
    }
  }
}
